
Microsoft Visual Studio Solution File, Format Version 12.00
# Visual Studio 2015
Project("{FAE04EC0-301F-11D3-BF4B-00C04F79EFBC}") = "Final Project (Digital Game Design).CSharp", "Final Project (Digital Game Design).CSharp.csproj", "{DC409B0A-FEAC-72BA-A1B5-9B394C9602A8}"
EndProject
Project("{FAE04EC0-301F-11D3-BF4B-00C04F79EFBC}") = "Final Project (Digital Game Design).CSharp.Editor", "Final Project (Digital Game Design).CSharp.Editor.csproj", "{BDFB0099-B88B-7FD7-7449-A47B5378514E}"
EndProject
Global
	GlobalSection(SolutionConfigurationPlatforms) = preSolution
		Debug|Any CPU = Debug|Any CPU
		Release|Any CPU = Release|Any CPU
	EndGlobalSection
	GlobalSection(ProjectConfigurationPlatforms) = postSolution
		{DC409B0A-FEAC-72BA-A1B5-9B394C9602A8}.Debug|Any CPU.ActiveCfg = Debug|Any CPU
		{DC409B0A-FEAC-72BA-A1B5-9B394C9602A8}.Debug|Any CPU.Build.0 = Debug|Any CPU
		{DC409B0A-FEAC-72BA-A1B5-9B394C9602A8}.Release|Any CPU.ActiveCfg = Release|Any CPU
		{DC409B0A-FEAC-72BA-A1B5-9B394C9602A8}.Release|Any CPU.Build.0 = Release|Any CPU
		{BDFB0099-B88B-7FD7-7449-A47B5378514E}.Debug|Any CPU.ActiveCfg = Debug|Any CPU
		{BDFB0099-B88B-7FD7-7449-A47B5378514E}.Debug|Any CPU.Build.0 = Debug|Any CPU
		{BDFB0099-B88B-7FD7-7449-A47B5378514E}.Release|Any CPU.ActiveCfg = Release|Any CPU
		{BDFB0099-B88B-7FD7-7449-A47B5378514E}.Release|Any CPU.Build.0 = Release|Any CPU
	EndGlobalSection
	GlobalSection(SolutionProperties) = preSolution
		HideSolutionNode = FALSE
	EndGlobalSection
EndGlobal
